
Microsoft Visual Studio Solution File, Format Version 12.00
# Visual Studio 14
VisualStudioVersion = 14.0.25420.1
MinimumVisualStudioVersion = 10.0.40219.1
Project("{FAE04EC0-301F-11D3-BF4B-00C04F79EFBC}") = "Solver", "Solver\Solver.csproj", "{3938A196-AC06-4CE5-8D09-9E20A201CB8E}"
EndProject
Project("{FAE04EC0-301F-11D3-BF4B-00C04F79EFBC}") = "UnitTests", "UnitTests\UnitTests.csproj", "{01117AC4-B132-4F80-9371-EDAD28E900BE}"
EndProject
Global
	GlobalSection(SolutionConfigurationPlatforms) = preSolution
		Debug|Any CPU = Debug|Any CPU
		Release|Any CPU = Release|Any CPU
	EndGlobalSection
	GlobalSection(ProjectConfigurationPlatforms) = postSolution
		{3938A196-AC06-4CE5-8D09-9E20A201CB8E}.Debug|Any CPU.ActiveCfg = Debug|Any CPU
		{3938A196-AC06-4CE5-8D09-9E20A201CB8E}.Debug|Any CPU.Build.0 = Debug|Any CPU
		{3938A196-AC06-4CE5-8D09-9E20A201CB8E}.Release|Any CPU.ActiveCfg = Release|Any CPU
		{3938A196-AC06-4CE5-8D09-9E20A201CB8E}.Release|Any CPU.Build.0 = Release|Any CPU
		{01117AC4-B132-4F80-9371-EDAD28E900BE}.Debug|Any CPU.ActiveCfg = Debug|Any CPU
		{01117AC4-B132-4F80-9371-EDAD28E900BE}.Debug|Any CPU.Build.0 = Debug|Any CPU
		{01117AC4-B132-4F80-9371-EDAD28E900BE}.Release|Any CPU.ActiveCfg = Release|Any CPU
		{01117AC4-B132-4F80-9371-EDAD28E900BE}.Release|Any CPU.Build.0 = Release|Any CPU
	EndGlobalSection
	GlobalSection(SolutionProperties) = preSolution
		HideSolutionNode = FALSE
	EndGlobalSection
EndGlobal
